PODS:
  - Charts (3.0.5):
    - Charts/Core (= 3.0.5)
  - Charts/Core (3.0.5)
  - SwiftSpinner (1.5.0)

DEPENDENCIES:
  - Charts
  - SwiftSpinner

SPEC CHECKSUMS:
  Charts: 45cdc985b764c838b35ee47eb1365d15735f6d1a
  SwiftSpinner: 4c058c7a1d6b444dd2e1d70988ead40783097133

PODFILE CHECKSUM: f130480d13f458b0336cc1b767fd313de73da083

COCOAPODS: 1.4.0
